
Microsoft Visual Studio Solution File, Format Version 12.00
# Visual Studio Version 17
VisualStudioVersion = 17.9.34902.65
MinimumVisualStudioVersion = 10.0.40219.1
Project("{FAE04EC0-301F-11D3-BF4B-00C04F79EFBC}") = "TestProject1", "TestProject1\TestProject1.csproj", "{745F15E4-C9A0-4000-A1DC-BCB7B5CED43A}"
EndProject
Global
	GlobalSection(SolutionConfigurationPlatforms) = preSolution
		Debug|Any CPU = Debug|Any CPU
		Release|Any CPU = Release|Any CPU
	EndGlobalSection
	GlobalSection(ProjectConfigurationPlatforms) = postSolution
		{745F15E4-C9A0-4000-A1DC-BCB7B5CED43A}.Debug|Any CPU.ActiveCfg = Debug|Any CPU
		{745F15E4-C9A0-4000-A1DC-BCB7B5CED43A}.Debug|Any CPU.Build.0 = Debug|Any CPU
		{745F15E4-C9A0-4000-A1DC-BCB7B5CED43A}.Release|Any CPU.ActiveCfg = Release|Any CPU
		{745F15E4-C9A0-4000-A1DC-BCB7B5CED43A}.Release|Any CPU.Build.0 = Release|Any CPU
	EndGlobalSection
	GlobalSection(SolutionProperties) = preSolution
		HideSolutionNode = FALSE
	EndGlobalSection
	GlobalSection(ExtensibilityGlobals) = postSolution
		SolutionGuid = {ABD0E065-7F25-417A-82E5-6FA4CD59C34E}
	EndGlobalSection
EndGlobal
